// !$*UTF8*$!
{
	archiveVersion = 1;
	classes = {
	};
	objectVersion = 55;
	objects = {

/* Begin PBXBuildFile section */
		A6BCB3512A2973D50079F71D /* AppDelegate.swift in Sources */ = {isa = PBXBuildFile; fileRef = A6BCB3502A2973D50079F71D /* AppDelegate.swift */; };
		A6BCB3532A2973D50079F71D /* SceneDelegate.swift in Sources */ = {isa = PBXBuildFile; fileRef = A6BCB3522A2973D50079F71D /* SceneDelegate.swift */; };
		A6BCB3582A2973D50079F71D /* Main.storyboard in Resources */ = {isa = PBXBuildFile; fileRef = A6BCB3562A2973D50079F71D /* Main.storyboard */; };
		A6BCB35A2A2973D80079F71D /* Assets.xcassets in Resources */ = {isa = PBXBuildFile; fileRef = A6BCB3592A2973D80079F71D /* Assets.xcassets */; };
		A6BCB35D2A2973D80079F71D /* LaunchScreen.storyboard in Resources */ = {isa = PBXBuildFile; fileRef = A6BCB35B2A2973D80079F71D /* LaunchScreen.storyboard */; };
		A6BCB3672A2986F80079F71D /* MenuTableViewController.swift in Sources */ = {isa = PBXBuildFile; fileRef = A6BCB3662A2986F80079F71D /* MenuTableViewController.swift */; };
		A6BCB36A2A2987980079F71D /* Kingfisher in Frameworks */ = {isa = PBXBuildFile; productRef = A6BCB3692A2987980079F71D /* Kingfisher */; };
		A6BCB36C2A2989FE0079F71D /* DrinkTableViewCell.swift in Sources */ = {isa = PBXBuildFile; fileRef = A6BCB36B2A2989FE0079F71D /* DrinkTableViewCell.swift */; };
		A6BCB36E2A298B940079F71D /* Menu.swift in Sources */ = {isa = PBXBuildFile; fileRef = A6BCB36D2A298B940079F71D /* Menu.swift */; };
		A6BCB3702A29A07D0079F71D /* OrderTableViewController.swift in Sources */ = {isa = PBXBuildFile; fileRef = A6BCB36F2A29A07D0079F71D /* OrderTableViewController.swift */; };
		A6BCB3722A29B8A00079F71D /* Size.swift in Sources */ = {isa = PBXBuildFile; fileRef = A6BCB3712A29B8A00079F71D /* Size.swift */; };
		A6BCB3742A29B93E0079F71D /* SugarLevel.swift in Sources */ = {isa = PBXBuildFile; fileRef = A6BCB3732A29B93E0079F71D /* SugarLevel.swift */; };
		A6BCB3762A29B9900079F71D /* IceLevel.swift in Sources */ = {isa = PBXBuildFile; fileRef = A6BCB3752A29B9900079F71D /* IceLevel.swift */; };
		A6BCB3782A29BC620079F71D /* Order.swift in Sources */ = {isa = PBXBuildFile; fileRef = A6BCB3772A29BC620079F71D /* Order.swift */; };
		A6E3F3B02A315E900033CF72 /* LoginTableViewController.swift in Sources */ = {isa = PBXBuildFile; fileRef = A6E3F3AF2A315E900033CF72 /* LoginTableViewController.swift */; };
		A6E3F3B22A315E9B0033CF72 /* RegisterTableViewController.swift in Sources */ = {isa = PBXBuildFile; fileRef = A6E3F3B12A315E9B0033CF72 /* RegisterTableViewController.swift */; };
		A6E3F3D42A3169440033CF72 /* Login.swift in Sources */ = {isa = PBXBuildFile; fileRef = A6E3F3D32A3169430033CF72 /* Login.swift */; };
		A6E3F3D82A317BA80033CF72 /* ErrorResponse.swift in Sources */ = {isa = PBXBuildFile; fileRef = A6E3F3D72A317BA70033CF72 /* ErrorResponse.swift */; };
		A6E3F3DA2A31B9F20033CF72 /* SaveDrinkTableViewController.swift in Sources */ = {isa = PBXBuildFile; fileRef = A6E3F3D92A31B9F20033CF72 /* SaveDrinkTableViewController.swift */; };
/* End PBXBuildFile section */

/* Begin PBXFileReference section */
		A6BCB34D2A2973D50079F71D /* DrinkApp.app */ = {isa = PBXFileReference; explicitFileType = wrapper.application; includeInIndex = 0; path = DrinkApp.app; sourceTree = BUILT_PRODUCTS_DIR; };
		A6BCB3502A2973D50079F71D /* AppDelegate.swift */ = {isa = PBXFileReference; lastKnownFileType = sourcecode.swift; path = AppDelegate.swift; sourceTree = "<group>"; };
		A6BCB3522A2973D50079F71D /* SceneDelegate.swift */ = {isa = PBXFileReference; lastKnownFileType = sourcecode.swift; path = SceneDelegate.swift; sourceTree = "<group>"; };
		A6BCB3572A2973D50079F71D /* Base */ = {isa = PBXFileReference; lastKnownFileType = file.storyboard; name = Base; path = Base.lproj/Main.storyboard; sourceTree = "<group>"; };
		A6BCB3592A2973D80079F71D /* Assets.xcassets */ = {isa = PBXFileReference; lastKnownFileType = folder.assetcatalog; path = Assets.xcassets; sourceTree = "<group>"; };
		A6BCB35C2A2973D80079F71D /* Base */ = {isa = PBXFileReference; lastKnownFileType = file.storyboard; name = Base; path = Base.lproj/LaunchScreen.storyboard; sourceTree = "<group>"; };
		A6BCB35E2A2973D80079F71D /* Info.plist */ = {isa = PBXFileReference; lastKnownFileType = text.plist.xml; path = Info.plist; sourceTree = "<group>"; };
		A6BCB3662A2986F80079F71D /* MenuTableViewController.swift */ = {isa = PBXFileReference; lastKnownFileType = sourcecode.swift; path = MenuTableViewController.swift; sourceTree = "<group>"; };
		A6BCB36B2A2989FE0079F71D /* DrinkTableViewCell.swift */ = {isa = PBXFileReference; lastKnownFileType = sourcecode.swift; path = DrinkTableViewCell.swift; sourceTree = "<group>"; };
		A6BCB36D2A298B940079F71D /* Menu.swift */ = {isa = PBXFileReference; lastKnownFileType = sourcecode.swift; path = Menu.swift; sourceTree = "<group>"; };
		A6BCB36F2A29A07D0079F71D /* OrderTableViewController.swift */ = {isa = PBXFileReference; lastKnownFileType = sourcecode.swift; path = OrderTableViewController.swift; sourceTree = "<group>"; };
		A6BCB3712A29B8A00079F71D /* Size.swift */ = {isa = PBXFileReference; lastKnownFileType = sourcecode.swift; path = Size.swift; sourceTree = "<group>"; };
		A6BCB3732A29B93E0079F71D /* SugarLevel.swift */ = {isa = PBXFileReference; lastKnownFileType = sourcecode.swift; path = SugarLevel.swift; sourceTree = "<group>"; };
		A6BCB3752A29B9900079F71D /* IceLevel.swift */ = {isa = PBXFileReference; lastKnownFileType = sourcecode.swift; path = IceLevel.swift; sourceTree = "<group>"; };
		A6BCB3772A29BC620079F71D /* Order.swift */ = {isa = PBXFileReference; lastKnownFileType = sourcecode.swift; path = Order.swift; sourceTree = "<group>"; };
		A6E3F3AF2A315E900033CF72 /* LoginTableViewController.swift */ = {isa = PBXFileReference; lastKnownFileType = sourcecode.swift; path = LoginTableViewController.swift; sourceTree = "<group>"; };
		A6E3F3B12A315E9B0033CF72 /* RegisterTableViewController.swift */ = {isa = PBXFileReference; lastKnownFileType = sourcecode.swift; path = RegisterTableViewController.swift; sourceTree = "<group>"; };
		A6E3F3D32A3169430033CF72 /* Login.swift */ = {isa = PBXFileReference; lastKnownFileType = sourcecode.swift; path = Login.swift; sourceTree = "<group>"; };
		A6E3F3D72A317BA70033CF72 /* ErrorResponse.swift */ = {isa = PBXFileReference; lastKnownFileType = sourcecode.swift; path = ErrorResponse.swift; sourceTree = "<group>"; };
		A6E3F3D92A31B9F20033CF72 /* SaveDrinkTableViewController.swift */ = {isa = PBXFileReference; lastKnownFileType = sourcecode.swift; path = SaveDrinkTableViewController.swift; sourceTree = "<group>"; };
/* End PBXFileReference section */

/* Begin PBXFrameworksBuildPhase section */
		A6BCB34A2A2973D50079F71D /* Frameworks */ = {
			isa = PBXFrameworksBuildPhase;
			buildActionMask = 2147483647;
			files = (
				A6BCB36A2A2987980079F71D /* Kingfisher in Frameworks */,
			);
			runOnlyForDeploymentPostprocessing = 0;
		};
/* End PBXFrameworksBuildPhase section */

/* Begin PBXGroup section */
		A6BCB3442A2973D50079F71D = {
			isa = PBXGroup;
			children = (
				A6BCB34F2A2973D50079F71D /* DrinkApp */,
				A6BCB34E2A2973D50079F71D /* Products */,
			);
			sourceTree = "<group>";
		};
		A6BCB34E2A2973D50079F71D /* Products */ = {
			isa = PBXGroup;
			children = (
				A6BCB34D2A2973D50079F71D /* DrinkApp.app */,
			);
			name = Products;
			sourceTree = "<group>";
		};
		A6BCB34F2A2973D50079F71D /* DrinkApp */ = {
			isa = PBXGroup;
			children = (
				A6BCB3502A2973D50079F71D /* AppDelegate.swift */,
				A6BCB3522A2973D50079F71D /* SceneDelegate.swift */,
				A6E3F3AF2A315E900033CF72 /* LoginTableViewController.swift */,
				A6E3F3B12A315E9B0033CF72 /* RegisterTableViewController.swift */,
				A6E3F3D72A317BA70033CF72 /* ErrorResponse.swift */,
				A6E3F3D32A3169430033CF72 /* Login.swift */,
				A6BCB36F2A29A07D0079F71D /* OrderTableViewController.swift */,
				A6BCB3712A29B8A00079F71D /* Size.swift */,
				A6BCB3732A29B93E0079F71D /* SugarLevel.swift */,
				A6BCB3752A29B9900079F71D /* IceLevel.swift */,
				A6BCB36B2A2989FE0079F71D /* DrinkTableViewCell.swift */,
				A6BCB3662A2986F80079F71D /* MenuTableViewController.swift */,
				A6E3F3D92A31B9F20033CF72 /* SaveDrinkTableViewController.swift */,
				A6BCB36D2A298B940079F71D /* Menu.swift */,
				A6BCB3772A29BC620079F71D /* Order.swift */,
				A6BCB3562A2973D50079F71D /* Main.storyboard */,
				A6BCB3592A2973D80079F71D /* Assets.xcassets */,
				A6BCB35B2A2973D80079F71D /* LaunchScreen.storyboard */,
				A6BCB35E2A2973D80079F71D /* Info.plist */,
			);
			path = DrinkApp;
			sourceTree = "<group>";
		};
/* End PBXGroup section */

/* Begin PBXNativeTarget section */
		A6BCB34C2A2973D50079F71D /* DrinkApp */ = {
			isa = PBXNativeTarget;
			buildConfigurationList = A6BCB3612A2973D80079F71D /* Build configuration list for PBXNativeTarget "DrinkApp" */;
			buildPhases = (
				A6BCB3492A2973D50079F71D /* Sources */,
				A6BCB34A2A2973D50079F71D /* Frameworks */,
				A6BCB34B2A2973D50079F71D /* Resources */,
			);
			buildRules = (
			);
			dependencies = (
			);
			name = DrinkApp;
			packageProductDependencies = (
				A6BCB3692A2987980079F71D /* Kingfisher */,
			);
			productName = DrinkApp;
			productReference = A6BCB34D2A2973D50079F71D /* DrinkApp.app */;
			productType = "com.apple.product-type.application";
		};
/* End PBXNativeTarget section */

/* Begin PBXProject section */
		A6BCB3452A2973D50079F71D /* Project object */ = {
			isa = PBXProject;
			attributes = {
				BuildIndependentTargetsInParallel = 1;
				LastSwiftUpdateCheck = 1430;
				LastUpgradeCheck = 1430;
				TargetAttributes = {
					A6BCB34C2A2973D50079F71D = {
						CreatedOnToolsVersion = 14.3;
					};
				};
			};
			buildConfigurationList = A6BCB3482A2973D50079F71D /* Build configuration list for PBXProject "DrinkApp" */;
			compatibilityVersion = "Xcode 13.0";
			developmentRegion = en;
			hasScannedForEncodings = 0;
			knownRegions = (
				en,
				Base,
			);
			mainGroup = A6BCB3442A2973D50079F71D;
			packageReferences = (
				A6BCB3682A2987980079F71D /* XCRemoteSwiftPackageReference "Kingfisher" */,
			);
			productRefGroup = A6BCB34E2A2973D50079F71D /* Products */;
			projectDirPath = "";
			projectRoot = "";
			targets = (
				A6BCB34C2A2973D50079F71D /* DrinkApp */,
			);
		};
/* End PBXProject section */

/* Begin PBXResourcesBuildPhase section */
		A6BCB34B2A2973D50079F71D /* Resources */ = {
			isa = PBXResourcesBuildPhase;
			buildActionMask = 2147483647;
			files = (
				A6BCB35D2A2973D80079F71D /* LaunchScreen.storyboard in Resources */,
				A6BCB35A2A2973D80079F71D /* Assets.xcassets in Resources */,
				A6BCB3582A2973D50079F71D /* Main.storyboard in Resources */,
			);
			runOnlyForDeploymentPostprocessing = 0;
		};
/* End PBXResourcesBuildPhase section */

/* Begin PBXSourcesBuildPhase section */
		A6BCB3492A2973D50079F71D /* Sources */ = {
			isa = PBXSourcesBuildPhase;
			buildActionMask = 2147483647;
			files = (
				A6BCB3512A2973D50079F71D /* AppDelegate.swift in Sources */,
				A6BCB3722A29B8A00079F71D /* Size.swift in Sources */,
				A6E3F3D42A3169440033CF72 /* Login.swift in Sources */,
				A6BCB3782A29BC620079F71D /* Order.swift in Sources */,
				A6BCB3532A2973D50079F71D /* SceneDelegate.swift in Sources */,
				A6E3F3DA2A31B9F20033CF72 /* SaveDrinkTableViewController.swift in Sources */,
				A6E3F3B22A315E9B0033CF72 /* RegisterTableViewController.swift in Sources */,
				A6E3F3B02A315E900033CF72 /* LoginTableViewController.swift in Sources */,
				A6BCB36C2A2989FE0079F71D /* DrinkTableViewCell.swift in Sources */,
				A6BCB3672A2986F80079F71D /* MenuTableViewController.swift in Sources */,
				A6BCB3742A29B93E0079F71D /* SugarLevel.swift in Sources */,
				A6BCB3762A29B9900079F71D /* IceLevel.swift in Sources */,
				A6BCB3702A29A07D0079F71D /* OrderTableViewController.swift in Sources */,
				A6BCB36E2A298B940079F71D /* Menu.swift in Sources */,
				A6E3F3D82A317BA80033CF72 /* ErrorResponse.swift in Sources */,
			);
			runOnlyForDeploymentPostprocessing = 0;
		};
/* End PBXSourcesBuildPhase section */

/* Begin PBXVariantGroup section */
		A6BCB3562A2973D50079F71D /* Main.storyboard */ = {
			isa = PBXVariantGroup;
			children = (
				A6BCB3572A2973D50079F71D /* Base */,
			);
			name = Main.storyboard;
			sourceTree = "<group>";
		};
		A6BCB35B2A2973D80079F71D /* LaunchScreen.storyboard */ = {
			isa = PBXVariantGroup;
			children = (
				A6BCB35C2A2973D80079F71D /* Base */,
			);
			name = LaunchScreen.storyboard;
			sourceTree = "<group>";
		};
/* End PBXVariantGroup section */

/* Begin XCBuildConfiguration section */
		A6BCB35F2A2973D80079F71D /* Debug */ = {
			isa = XCBuildConfiguration;
			buildSettings = {
				ALWAYS_SEARCH_USER_PATHS = NO;
				CLANG_ANALYZER_NONNULL = YES;
				CLANG_ANALYZER_NUMBER_OBJECT_CONVERSION = YES_AGGRESSIVE;
				CLANG_CXX_LANGUAGE_STANDARD = "gnu++20";
				CLANG_ENABLE_MODULES = YES;
				CLANG_ENABLE_OBJC_ARC = YES;
				CLANG_ENABLE_OBJC_WEAK = YES;
				CLANG_WARN_BLOCK_CAPTURE_AUTORELEASING = YES;
				CLANG_WARN_BOOL_CONVERSION = YES;
				CLANG_WARN_COMMA = YES;
				CLANG_WARN_CONSTANT_CONVERSION = YES;
				CLANG_WARN_DEPRECATED_OBJC_IMPLEMENTATIONS = YES;
				CLANG_WARN_DIRECT_OBJC_ISA_USAGE = YES_ERROR;
				CLANG_WARN_DOCUMENTATION_COMMENTS = YES;
				CLANG_WARN_EMPTY_BODY = YES;
				CLANG_WARN_ENUM_CONVERSION = YES;
				CLANG_WARN_INFINITE_RECURSION = YES;
				CLANG_WARN_INT_CONVERSION = YES;
				CLANG_WARN_NON_LITERAL_NULL_CONVERSION = YES;
				CLANG_WARN_OBJC_IMPLICIT_RETAIN_SELF = YES;
				CLANG_WARN_OBJC_LITERAL_CONVERSION = YES;
				CLANG_WARN_OBJC_ROOT_CLASS = YES_ERROR;
				CLANG_WARN_QUOTED_INCLUDE_IN_FRAMEWORK_HEADER = YES;
				CLANG_WARN_RANGE_LOOP_ANALYSIS = YES;
				CLANG_WARN_STRICT_PROTOTYPES = YES;
				CLANG_WARN_SUSPICIOUS_MOVE = YES;
				CLANG_WARN_UNGUARDED_AVAILABILITY = YES_AGGRESSIVE;
				CLANG_WARN_UNREACHABLE_CODE = YES;
				CLANG_WARN__DUPLICATE_METHOD_MATCH = YES;
				COPY_PHASE_STRIP = NO;
				DEBUG_INFORMATION_FORMAT = dwarf;
				ENABLE_STRICT_OBJC_MSGSEND = YES;
				ENABLE_TESTABILITY = YES;
				GCC_C_LANGUAGE_STANDARD = gnu11;
				GCC_DYNAMIC_NO_PIC = NO;
				GCC_NO_COMMON_BLOCKS = YES;
				GCC_OPTIMIZATION_LEVEL = 0;
				GCC_PREPROCESSOR_DEFINITIONS = (
					"DEBUG=1",
					"$(inherited)",
				);
				GCC_WARN_64_TO_32_BIT_CONVERSION = YES;
				GCC_WARN_ABOUT_RETURN_TYPE = YES_ERROR;
				GCC_WARN_UNDECLARED_SELECTOR = YES;
				GCC_WARN_UNINITIALIZED_AUTOS = YES_AGGRESSIVE;
				GCC_WARN_UNUSED_FUNCTION = YES;
				GCC_WARN_UNUSED_VARIABLE = YES;
				IPHONEOS_DEPLOYMENT_TARGET = 16.4;
				MTL_ENABLE_DEBUG_INFO = INCLUDE_SOURCE;
				MTL_FAST_MATH = YES;
				ONLY_ACTIVE_ARCH = YES;
				SDKROOT = iphoneos;
				SWIFT_ACTIVE_COMPILATION_CONDITIONS = DEBUG;
				SWIFT_OPTIMIZATION_LEVEL = "-Onone";
			};
			name = Debug;
		};
		A6BCB3602A2973D80079F71D /* Release */ = {
			isa = XCBuildConfiguration;
			buildSettings = {
				ALWAYS_SEARCH_USER_PATHS = NO;
				CLANG_ANALYZER_NONNULL = YES;
				CLANG_ANALYZER_NUMBER_OBJECT_CONVERSION = YES_AGGRESSIVE;
				CLANG_CXX_LANGUAGE_STANDARD = "gnu++20";
				CLANG_ENABLE_MODULES = YES;
				CLANG_ENABLE_OBJC_ARC = YES;
				CLANG_ENABLE_OBJC_WEAK = YES;
				CLANG_WARN_BLOCK_CAPTURE_AUTORELEASING = YES;
				CLANG_WARN_BOOL_CONVERSION = YES;
				CLANG_WARN_COMMA = YES;
				CLANG_WARN_CONSTANT_CONVERSION = YES;
				CLANG_WARN_DEPRECATED_OBJC_IMPLEMENTATIONS = YES;
				CLANG_WARN_DIRECT_OBJC_ISA_USAGE = YES_ERROR;
				CLANG_WARN_DOCUMENTATION_COMMENTS = YES;
				CLANG_WARN_EMPTY_BODY = YES;
				CLANG_WARN_ENUM_CONVERSION = YES;
				CLANG_WARN_INFINITE_RECURSION = YES;
				CLANG_WARN_INT_CONVERSION = YES;
				CLANG_WARN_NON_LITERAL_NULL_CONVERSION = YES;
				CLANG_WARN_OBJC_IMPLICIT_RETAIN_SELF = YES;
				CLANG_WARN_OBJC_LITERAL_CONVERSION = YES;
				CLANG_WARN_OBJC_ROOT_CLASS = YES_ERROR;
				CLANG_WARN_QUOTED_INCLUDE_IN_FRAMEWORK_HEADER = YES;
				CLANG_WARN_RANGE_LOOP_ANALYSIS = YES;
				CLANG_WARN_STRICT_PROTOTYPES = YES;
				CLANG_WARN_SUSPICIOUS_MOVE = YES;
				CLANG_WARN_UNGUARDED_AVAILABILITY = YES_AGGRESSIVE;
				CLANG_WARN_UNREACHABLE_CODE = YES;
				CLANG_WARN__DUPLICATE_METHOD_MATCH = YES;
				COPY_PHASE_STRIP = NO;
				DEBUG_INFORMATION_FORMAT = "dwarf-with-dsym";
				ENABLE_NS_ASSERTIONS = NO;
				ENABLE_STRICT_OBJC_MSGSEND = YES;
				GCC_C_LANGUAGE_STANDARD = gnu11;
				GCC_NO_COMMON_BLOCKS = YES;
				GCC_WARN_64_TO_32_BIT_CONVERSION = YES;
				GCC_WARN_ABOUT_RETURN_TYPE = YES_ERROR;
				GCC_WARN_UNDECLARED_SELECTOR = YES;
				GCC_WARN_UNINITIALIZED_AUTOS = YES_AGGRESSIVE;
				GCC_WARN_UNUSED_FUNCTION = YES;
				GCC_WARN_UNUSED_VARIABLE = YES;
				IPHONEOS_DEPLOYMENT_TARGET = 16.4;
				MTL_ENABLE_DEBUG_INFO = NO;
				MTL_FAST_MATH = YES;
				SDKROOT = iphoneos;
				SWIFT_COMPILATION_MODE = wholemodule;
				SWIFT_OPTIMIZATION_LEVEL = "-O";
				VALIDATE_PRODUCT = YES;
			};
			name = Release;
		};
		A6BCB3622A2973D80079F71D /* Debug */ = {
			isa = XCBuildConfiguration;
			buildSettings = {
				ASSETCATALOG_COMPILER_APPICON_NAME = AppIcon;
				ASSETCATALOG_COMPILER_GLOBAL_ACCENT_COLOR_NAME = AccentColor;
				CODE_SIGN_STYLE = Automatic;
				CURRENT_PROJECT_VERSION = 1;
				GENERATE_INFOPLIST_FILE = YES;
				INFOPLIST_FILE = DrinkApp/Info.plist;
				INFOPLIST_KEY_UIApplicationSupportsIndirectInputEvents = YES;
				INFOPLIST_KEY_UILaunchStoryboardName = LaunchScreen;
				INFOPLIST_KEY_UIMainStoryboardFile = Main;
				INFOPLIST_KEY_UISupportedInterfaceOrientations_iPad = "UIInterfaceOrientationPortrait UIInterfaceOrientationPortraitUpsideDown UIInterfaceOrientationLandscapeLeft UIInterfaceOrientationLandscapeRight";
				INFOPLIST_KEY_UISupportedInterfaceOrientations_iPhone = "UIInterfaceOrientationPortrait UIInterfaceOrientationLandscapeLeft UIInterfaceOrientationLandscapeRight";
				IPHONEOS_DEPLOYMENT_TARGET = 14.0;
				LD_RUNPATH_SEARCH_PATHS = (
					"$(inherited)",
					"@executable_path/Frameworks",
				);
				MARKETING_VERSION = 1.0;
				PRODUCT_BUNDLE_IDENTIFIER = com.peter.DrinkApp;
				PRODUCT_NAME = "$(TARGET_NAME)";
				SWIFT_EMIT_LOC_STRINGS = YES;
				SWIFT_VERSION = 5.0;
				TARGETED_DEVICE_FAMILY = "1,2";
			};
			name = Debug;
		};
		A6BCB3632A2973D80079F71D /* Release */ = {
			isa = XCBuildConfiguration;
			buildSettings = {
				ASSETCATALOG_COMPILER_APPICON_NAME = AppIcon;
				ASSETCATALOG_COMPILER_GLOBAL_ACCENT_COLOR_NAME = AccentColor;
				CODE_SIGN_STYLE = Automatic;
				CURRENT_PROJECT_VERSION = 1;
				GENERATE_INFOPLIST_FILE = YES;
				INFOPLIST_FILE = DrinkApp/Info.plist;
				INFOPLIST_KEY_UIApplicationSupportsIndirectInputEvents = YES;
				INFOPLIST_KEY_UILaunchStoryboardName = LaunchScreen;
				INFOPLIST_KEY_UIMainStoryboardFile = Main;
				INFOPLIST_KEY_UISupportedInterfaceOrientations_iPad = "UIInterfaceOrientationPortrait UIInterfaceOrientationPortraitUpsideDown UIInterfaceOrientationLandscapeLeft UIInterfaceOrientationLandscapeRight";
				INFOPLIST_KEY_UISupportedInterfaceOrientations_iPhone = "UIInterfaceOrientationPortrait UIInterfaceOrientationLandscapeLeft UIInterfaceOrientationLandscapeRight";
				IPHONEOS_DEPLOYMENT_TARGET = 14.0;
				LD_RUNPATH_SEARCH_PATHS = (
					"$(inherited)",
					"@executable_path/Frameworks",
				);
				MARKETING_VERSION = 1.0;
				PRODUCT_BUNDLE_IDENTIFIER = com.peter.DrinkApp;
				PRODUCT_NAME = "$(TARGET_NAME)";
				SWIFT_EMIT_LOC_STRINGS = YES;
				SWIFT_VERSION = 5.0;
				TARGETED_DEVICE_FAMILY = "1,2";
			};
			name = Release;
		};
/* End XCBuildConfiguration section */

/* Begin XCConfigurationList section */
		A6BCB3482A2973D50079F71D /* Build configuration list for PBXProject "DrinkApp" */ = {
			isa = XCConfigurationList;
			buildConfigurations = (
				A6BCB35F2A2973D80079F71D /* Debug */,
				A6BCB3602A2973D80079F71D /* Release */,
			);
			defaultConfigurationIsVisible = 0;
			defaultConfigurationName = Release;
		};
		A6BCB3612A2973D80079F71D /* Build configuration list for PBXNativeTarget "DrinkApp" */ = {
			isa = XCConfigurationList;
			buildConfigurations = (
				A6BCB3622A2973D80079F71D /* Debug */,
				A6BCB3632A2973D80079F71D /* Release */,
			);
			defaultConfigurationIsVisible = 0;
			defaultConfigurationName = Release;
		};
/* End XCConfigurationList section */

/* Begin XCRemoteSwiftPackageReference section */
		A6BCB3682A2987980079F71D /* XCRemoteSwiftPackageReference "Kingfisher" */ = {
			isa = XCRemoteSwiftPackageReference;
			repositoryURL = "https://github.com/onevcat/Kingfisher";
			requirement = {
				kind = upToNextMajorVersion;
				minimumVersion = 7.0.0;
			};
		};
/* End XCRemoteSwiftPackageReference section */

/* Begin XCSwiftPackageProductDependency section */
		A6BCB3692A2987980079F71D /* Kingfisher */ = {
			isa = XCSwiftPackageProductDependency;
			package = A6BCB3682A2987980079F71D /* XCRemoteSwiftPackageReference "Kingfisher" */;
			productName = Kingfisher;
		};
/* End XCSwiftPackageProductDependency section */
	};
	rootObject = A6BCB3452A2973D50079F71D /* Project object */;
}
